
Microsoft Visual Studio Solution File, Format Version 12.00
# Visual Studio Version 17
VisualStudioVersion = 17.13.35825.156 d17.13
MinimumVisualStudioVersion = 10.0.40219.1
Project("{FAE04EC0-301F-11D3-BF4B-00C04F79EFBC}") = "toko_buku", "toko_buku.csproj", "{5181184C-FC7B-4F90-A0D8-7B7F28027BA2}"
EndProject
Global
	GlobalSection(SolutionConfigurationPlatforms) = preSolution
		Debug|Any CPU = Debug|Any CPU
		Release|Any CPU = Release|Any CPU
	EndGlobalSection
	GlobalSection(ProjectConfigurationPlatforms) = postSolution
		{5181184C-FC7B-4F90-A0D8-7B7F28027BA2}.Debug|Any CPU.ActiveCfg = Debug|Any CPU
		{5181184C-FC7B-4F90-A0D8-7B7F28027BA2}.Debug|Any CPU.Build.0 = Debug|Any CPU
		{5181184C-FC7B-4F90-A0D8-7B7F28027BA2}.Release|Any CPU.ActiveCfg = Release|Any CPU
		{5181184C-FC7B-4F90-A0D8-7B7F28027BA2}.Release|Any CPU.Build.0 = Release|Any CPU
	EndGlobalSection
	GlobalSection(SolutionProperties) = preSolution
		HideSolutionNode = FALSE
	EndGlobalSection
	GlobalSection(ExtensibilityGlobals) = postSolution
		SolutionGuid = {FEE22C3F-57CD-445E-A263-F3DCC9C481AE}
	EndGlobalSection
EndGlobal
