
Microsoft Visual Studio Solution File, Format Version 12.00
# Visual Studio Version 17
VisualStudioVersion = 17.11.35303.130
MinimumVisualStudioVersion = 10.0.40219.1
Project("{FAE04EC0-301F-11D3-BF4B-00C04F79EFBC}") = "Toko_Apps", "Toko_Apps.csproj", "{38FCE4C3-124D-407F-9B5A-86D98E209FA6}"
EndProject
Global
	GlobalSection(SolutionConfigurationPlatforms) = preSolution
		Debug|Any CPU = Debug|Any CPU
		Release|Any CPU = Release|Any CPU
	EndGlobalSection
	GlobalSection(ProjectConfigurationPlatforms) = postSolution
		{38FCE4C3-124D-407F-9B5A-86D98E209FA6}.Debug|Any CPU.ActiveCfg = Debug|Any CPU
		{38FCE4C3-124D-407F-9B5A-86D98E209FA6}.Debug|Any CPU.Build.0 = Debug|Any CPU
		{38FCE4C3-124D-407F-9B5A-86D98E209FA6}.Release|Any CPU.ActiveCfg = Release|Any CPU
		{38FCE4C3-124D-407F-9B5A-86D98E209FA6}.Release|Any CPU.Build.0 = Release|Any CPU
	EndGlobalSection
	GlobalSection(SolutionProperties) = preSolution
		HideSolutionNode = FALSE
	EndGlobalSection
	GlobalSection(ExtensibilityGlobals) = postSolution
		SolutionGuid = {EEBECE50-92B2-486F-8B8E-30B9A794842C}
	EndGlobalSection
EndGlobal
